<?xml version="1.0" encoding="utf-8"?>
<Project ToolsVersion="4.0" xmlns="http://schemas.microsoft.com/developer/msbuild/2003">
  <ItemGroup>
    <Filter Include="Source Files">
      <UniqueIdentifier>{4FC737F1-C7A5-4376-A066-2A32D752A2FF}</UniqueIdentifier>
      <Extensions>cpp;c;cc;cxx;def;odl;idl;hpj;bat;asm;asmx</Extensions>
    </Filter>
    <Filter Include="Header Files">
      <UniqueIdentifier>{93995380-89BD-4b04-88EB-625FBE52EBFB}</UniqueIdentifier>
      <Extensions>h;hh;hpp;hxx;hm;inl;inc;xsd</Extensions>
    </Filter>
    <Filter Include="Resource Files">
      <UniqueIdentifier>{67DA6AB6-F800-4c08-8B7A-83BB121AAD01}</UniqueIdentifier>
      <Extensions>rc;ico;cur;bmp;dlg;rc2;rct;bin;rgs;gif;jpg;jpeg;jpe;resx;tiff;tif;png;wav;mfcribbon-ms</Extensions>
    </Filter>
  </ItemGroup>
  <ItemGroup>
    <ClCompile Include="main.cpp">
      <Filter>Source Files</Filter>
    </ClCompile>
    <ClCompile Include="libraries\glm\detail\dummy.cpp">
      <Filter>Source Files</Filter>
    </ClCompile>
    <ClCompile Include="libraries\glm\detail\glm.cpp">
      <Filter>Source Files</Filter>
    </ClCompile>
    <ClCompile Include="libraries\opengl\opengl.cpp">
      <Filter>Source Files</Filter>
    </ClCompile>
    <ClCompile Include="Application.cpp">
      <Filter>Source Files</Filter>
    </ClCompile>
    <ClCompile Include="libraries\lua-5.2.3\src\lapi.c">
      <Filter>Source Files</Filter>
    </ClCompile>
    <ClCompile Include="libraries\lua-5.2.3\src\lauxlib.c">
      <Filter>Source Files</Filter>
    </ClCompile>
    <ClCompile Include="libraries\lua-5.2.3\src\lbaselib.c">
      <Filter>Source Files</Filter>
    </ClCompile>
    <ClCompile Include="libraries\lua-5.2.3\src\lbitlib.c">
      <Filter>Source Files</Filter>
    </ClCompile>
    <ClCompile Include="libraries\lua-5.2.3\src\lcode.c">
      <Filter>Source Files</Filter>
    </ClCompile>
    <ClCompile Include="libraries\lua-5.2.3\src\lcorolib.c">
      <Filter>Source Files</Filter>
    </ClCompile>
    <ClCompile Include="libraries\lua-5.2.3\src\lctype.c">
      <Filter>Source Files</Filter>
    </ClCompile>
    <ClCompile Include="libraries\lua-5.2.3\src\ldblib.c">
      <Filter>Source Files</Filter>
    </ClCompile>
    <ClCompile Include="libraries\lua-5.2.3\src\ldebug.c">
      <Filter>Source Files</Filter>
    </ClCompile>
    <ClCompile Include="libraries\lua-5.2.3\src\ldo.c">
      <Filter>Source Files</Filter>
    </ClCompile>
    <ClCompile Include="libraries\lua-5.2.3\src\ldump.c">
      <Filter>Source Files</Filter>
    </ClCompile>
    <ClCompile Include="libraries\lua-5.2.3\src\lfunc.c">
      <Filter>Source Files</Filter>
    </ClCompile>
    <ClCompile Include="libraries\lua-5.2.3\src\lgc.c">
      <Filter>Source Files</Filter>
    </ClCompile>
    <ClCompile Include="libraries\lua-5.2.3\src\linit.c">
      <Filter>Source Files</Filter>
    </ClCompile>
    <ClCompile Include="libraries\lua-5.2.3\src\liolib.c">
      <Filter>Source Files</Filter>
    </ClCompile>
    <ClCompile Include="libraries\lua-5.2.3\src\llex.c">
      <Filter>Source Files</Filter>
    </ClCompile>
    <ClCompile Include="libraries\lua-5.2.3\src\lmathlib.c">
      <Filter>Source Files</Filter>
    </ClCompile>
    <ClCompile Include="libraries\lua-5.2.3\src\lmem.c">
      <Filter>Source Files</Filter>
    </ClCompile>
    <ClCompile Include="libraries\lua-5.2.3\src\loadlib.c">
      <Filter>Source Files</Filter>
    </ClCompile>
    <ClCompile Include="libraries\lua-5.2.3\src\lobject.c">
      <Filter>Source Files</Filter>
    </ClCompile>
    <ClCompile Include="libraries\lua-5.2.3\src\lopcodes.c">
      <Filter>Source Files</Filter>
    </ClCompile>
    <ClCompile Include="libraries\lua-5.2.3\src\loslib.c">
      <Filter>Source Files</Filter>
    </ClCompile>
    <ClCompile Include="libraries\lua-5.2.3\src\lparser.c">
      <Filter>Source Files</Filter>
    </ClCompile>
    <ClCompile Include="libraries\lua-5.2.3\src\lstate.c">
      <Filter>Source Files</Filter>
    </ClCompile>
    <ClCompile Include="libraries\lua-5.2.3\src\lstring.c">
      <Filter>Source Files</Filter>
    </ClCompile>
    <ClCompile Include="libraries\lua-5.2.3\src\lstrlib.c">
      <Filter>Source Files</Filter>
    </ClCompile>
    <ClCompile Include="libraries\lua-5.2.3\src\ltable.c">
      <Filter>Source Files</Filter>
    </ClCompile>
    <ClCompile Include="libraries\lua-5.2.3\src\ltablib.c">
      <Filter>Source Files</Filter>
    </ClCompile>
    <ClCompile Include="libraries\lua-5.2.3\src\ltm.c">
      <Filter>Source Files</Filter>
    </ClCompile>
    <ClCompile Include="libraries\lua-5.2.3\src\lundump.c">
      <Filter>Source Files</Filter>
    </ClCompile>
    <ClCompile Include="libraries\lua-5.2.3\src\lvm.c">
      <Filter>Source Files</Filter>
    </ClCompile>
    <ClCompile Include="libraries\lua-5.2.3\src\lzio.c">
      <Filter>Source Files</Filter>
    </ClCompile>
    <ClCompile Include="graphics\Graphics.cpp">
      <Filter>Source Files</Filter>
    </ClCompile>
    <ClCompile Include="jade\Control.cpp">
      <Filter>Source Files</Filter>
    </ClCompile>
    <ClCompile Include="font\Font.cpp">
      <Filter>Source Files</Filter>
    </ClCompile>
    <ClCompile Include="font\NullRasterizer.cpp">
      <Filter>Source Files</Filter>
    </ClCompile>
    <ClCompile Include="jade\Panel.cpp">
      <Filter>Source Files</Filter>
    </ClCompile>
    <ClCompile Include="runtime\Type.cpp">
      <Filter>Source Files</Filter>
    </ClCompile>
    <ClCompile Include="jade\JadeElement.cpp">
      <Filter>Source Files</Filter>
    </ClCompile>
    <ClCompile Include="jade\Window.cpp">
      <Filter>Source Files</Filter>
    </ClCompile>
    <ClCompile Include="jade\JadeHead.cpp">
      <Filter>Source Files</Filter>
    </ClCompile>
  </ItemGroup>
  <ItemGroup>
    <ClInclude Include="libraries\devil32\include\IL\config.h">
      <Filter>Header Files</Filter>
    </ClInclude>
    <ClInclude Include="libraries\devil32\include\IL\devil_internal_exports.h">
      <Filter>Header Files</Filter>
    </ClInclude>
    <ClInclude Include="libraries\devil32\include\IL\il.h">
      <Filter>Header Files</Filter>
    </ClInclude>
    <ClInclude Include="libraries\devil32\include\IL\il_wrap.h">
      <Filter>Header Files</Filter>
    </ClInclude>
    <ClInclude Include="libraries\devil32\include\IL\ilu.h">
      <Filter>Header Files</Filter>
    </ClInclude>
    <ClInclude Include="libraries\devil32\include\IL\ilu_region.h">
      <Filter>Header Files</Filter>
    </ClInclude>
    <ClInclude Include="libraries\devil32\include\IL\ilut.h">
      <Filter>Header Files</Filter>
    </ClInclude>
    <ClInclude Include="libraries\devil32\include\IL\ilut_config.h">
      <Filter>Header Files</Filter>
    </ClInclude>
    <ClInclude Include="libraries\glm\detail\_features.hpp">
      <Filter>Header Files</Filter>
    </ClInclude>
    <ClInclude Include="libraries\glm\detail\_fixes.hpp">
      <Filter>Header Files</Filter>
    </ClInclude>
    <ClInclude Include="libraries\glm\detail\_literals.hpp">
      <Filter>Header Files</Filter>
    </ClInclude>
    <ClInclude Include="libraries\glm\detail\_noise.hpp">
      <Filter>Header Files</Filter>
    </ClInclude>
    <ClInclude Include="libraries\glm\detail\_swizzle.hpp">
      <Filter>Header Files</Filter>
    </ClInclude>
    <ClInclude Include="libraries\glm\detail\_swizzle_func.hpp">
      <Filter>Header Files</Filter>
    </ClInclude>
    <ClInclude Include="libraries\glm\detail\_vectorize.hpp">
      <Filter>Header Files</Filter>
    </ClInclude>
    <ClInclude Include="libraries\glm\detail\func_common.hpp">
      <Filter>Header Files</Filter>
    </ClInclude>
    <ClInclude Include="libraries\glm\detail\func_exponential.hpp">
      <Filter>Header Files</Filter>
    </ClInclude>
    <ClInclude Include="libraries\glm\detail\func_geometric.hpp">
      <Filter>Header Files</Filter>
    </ClInclude>
    <ClInclude Include="libraries\glm\detail\func_integer.hpp">
      <Filter>Header Files</Filter>
    </ClInclude>
    <ClInclude Include="libraries\glm\detail\func_matrix.hpp">
      <Filter>Header Files</Filter>
    </ClInclude>
    <ClInclude Include="libraries\glm\detail\func_noise.hpp">
      <Filter>Header Files</Filter>
    </ClInclude>
    <ClInclude Include="libraries\glm\detail\func_packing.hpp">
      <Filter>Header Files</Filter>
    </ClInclude>
    <ClInclude Include="libraries\glm\detail\func_trigonometric.hpp">
      <Filter>Header Files</Filter>
    </ClInclude>
    <ClInclude Include="libraries\glm\detail\func_vector_relational.hpp">
      <Filter>Header Files</Filter>
    </ClInclude>
    <ClInclude Include="libraries\glm\detail\hint.hpp">
      <Filter>Header Files</Filter>
    </ClInclude>
    <ClInclude Include="libraries\glm\detail\intrinsic_common.hpp">
      <Filter>Header Files</Filter>
    </ClInclude>
    <ClInclude Include="libraries\glm\detail\intrinsic_exponential.hpp">
      <Filter>Header Files</Filter>
    </ClInclude>
    <ClInclude Include="libraries\glm\detail\intrinsic_geometric.hpp">
      <Filter>Header Files</Filter>
    </ClInclude>
    <ClInclude Include="libraries\glm\detail\intrinsic_integer.hpp">
      <Filter>Header Files</Filter>
    </ClInclude>
    <ClInclude Include="libraries\glm\detail\intrinsic_matrix.hpp">
      <Filter>Header Files</Filter>
    </ClInclude>
    <ClInclude Include="libraries\glm\detail\intrinsic_trigonometric.hpp">
      <Filter>Header Files</Filter>
    </ClInclude>
    <ClInclude Include="libraries\glm\detail\intrinsic_vector_relational.hpp">
      <Filter>Header Files</Filter>
    </ClInclude>
    <ClInclude Include="libraries\glm\detail\precision.hpp">
      <Filter>Header Files</Filter>
    </ClInclude>
    <ClInclude Include="libraries\glm\detail\setup.hpp">
      <Filter>Header Files</Filter>
    </ClInclude>
    <ClInclude Include="libraries\glm\detail\type_float.hpp">
      <Filter>Header Files</Filter>
    </ClInclude>
    <ClInclude Include="libraries\glm\detail\type_gentype.hpp">
      <Filter>Header Files</Filter>
    </ClInclude>
    <ClInclude Include="libraries\glm\detail\type_half.hpp">
      <Filter>Header Files</Filter>
    </ClInclude>
    <ClInclude Include="libraries\glm\detail\type_int.hpp">
      <Filter>Header Files</Filter>
    </ClInclude>
    <ClInclude Include="libraries\glm\detail\type_mat.hpp">
      <Filter>Header Files</Filter>
    </ClInclude>
    <ClInclude Include="libraries\glm\detail\type_mat2x2.hpp">
      <Filter>Header Files</Filter>
    </ClInclude>
    <ClInclude Include="libraries\glm\detail\type_mat2x3.hpp">
      <Filter>Header Files</Filter>
    </ClInclude>
    <ClInclude Include="libraries\glm\detail\type_mat2x4.hpp">
      <Filter>Header Files</Filter>
    </ClInclude>
    <ClInclude Include="libraries\glm\detail\type_mat3x2.hpp">
      <Filter>Header Files</Filter>
    </ClInclude>
    <ClInclude Include="libraries\glm\detail\type_mat3x3.hpp">
      <Filter>Header Files</Filter>
    </ClInclude>
    <ClInclude Include="libraries\glm\detail\type_mat3x4.hpp">
      <Filter>Header Files</Filter>
    </ClInclude>
    <ClInclude Include="libraries\glm\detail\type_mat4x2.hpp">
      <Filter>Header Files</Filter>
    </ClInclude>
    <ClInclude Include="libraries\glm\detail\type_mat4x3.hpp">
      <Filter>Header Files</Filter>
    </ClInclude>
    <ClInclude Include="libraries\glm\detail\type_mat4x4.hpp">
      <Filter>Header Files</Filter>
    </ClInclude>
    <ClInclude Include="libraries\glm\detail\type_vec.hpp">
      <Filter>Header Files</Filter>
    </ClInclude>
    <ClInclude Include="libraries\glm\detail\type_vec1.hpp">
      <Filter>Header Files</Filter>
    </ClInclude>
    <ClInclude Include="libraries\glm\detail\type_vec2.hpp">
      <Filter>Header Files</Filter>
    </ClInclude>
    <ClInclude Include="libraries\glm\detail\type_vec3.hpp">
      <Filter>Header Files</Filter>
    </ClInclude>
    <ClInclude Include="libraries\glm\detail\type_vec4.hpp">
      <Filter>Header Files</Filter>
    </ClInclude>
    <ClInclude Include="libraries\glm\gtc\constants.hpp">
      <Filter>Header Files</Filter>
    </ClInclude>
    <ClInclude Include="libraries\glm\gtc\epsilon.hpp">
      <Filter>Header Files</Filter>
    </ClInclude>
    <ClInclude Include="libraries\glm\gtc\matrix_access.hpp">
      <Filter>Header Files</Filter>
    </ClInclude>
    <ClInclude Include="libraries\glm\gtc\matrix_integer.hpp">
      <Filter>Header Files</Filter>
    </ClInclude>
    <ClInclude Include="libraries\glm\gtc\matrix_inverse.hpp">
      <Filter>Header Files</Filter>
    </ClInclude>
    <ClInclude Include="libraries\glm\gtc\matrix_transform.hpp">
      <Filter>Header Files</Filter>
    </ClInclude>
    <ClInclude Include="libraries\glm\gtc\noise.hpp">
      <Filter>Header Files</Filter>
    </ClInclude>
    <ClInclude Include="libraries\glm\gtc\packing.hpp">
      <Filter>Header Files</Filter>
    </ClInclude>
    <ClInclude Include="libraries\glm\gtc\quaternion.hpp">
      <Filter>Header Files</Filter>
    </ClInclude>
    <ClInclude Include="libraries\glm\gtc\random.hpp">
      <Filter>Header Files</Filter>
    </ClInclude>
    <ClInclude Include="libraries\glm\gtc\reciprocal.hpp">
      <Filter>Header Files</Filter>
    </ClInclude>
    <ClInclude Include="libraries\glm\gtc\type_precision.hpp">
      <Filter>Header Files</Filter>
    </ClInclude>
    <ClInclude Include="libraries\glm\gtc\type_ptr.hpp">
      <Filter>Header Files</Filter>
    </ClInclude>
    <ClInclude Include="libraries\glm\gtc\ulp.hpp">
      <Filter>Header Files</Filter>
    </ClInclude>
    <ClInclude Include="libraries\glm\gtx\associated_min_max.hpp">
      <Filter>Header Files</Filter>
    </ClInclude>
    <ClInclude Include="libraries\glm\gtx\bit.hpp">
      <Filter>Header Files</Filter>
    </ClInclude>
    <ClInclude Include="libraries\glm\gtx\closest_point.hpp">
      <Filter>Header Files</Filter>
    </ClInclude>
    <ClInclude Include="libraries\glm\gtx\color_space.hpp">
      <Filter>Header Files</Filter>
    </ClInclude>
    <ClInclude Include="libraries\glm\gtx\color_space_YCoCg.hpp">
      <Filter>Header Files</Filter>
    </ClInclude>
    <ClInclude Include="libraries\glm\gtx\compatibility.hpp">
      <Filter>Header Files</Filter>
    </ClInclude>
    <ClInclude Include="libraries\glm\gtx\component_wise.hpp">
      <Filter>Header Files</Filter>
    </ClInclude>
    <ClInclude Include="libraries\glm\gtx\constants.hpp">
      <Filter>Header Files</Filter>
    </ClInclude>
    <ClInclude Include="libraries\glm\gtx\dual_quaternion.hpp">
      <Filter>Header Files</Filter>
    </ClInclude>
    <ClInclude Include="libraries\glm\gtx\epsilon.hpp">
      <Filter>Header Files</Filter>
    </ClInclude>
    <ClInclude Include="libraries\glm\gtx\euler_angles.hpp">
      <Filter>Header Files</Filter>
    </ClInclude>
    <ClInclude Include="libraries\glm\gtx\extend.hpp">
      <Filter>Header Files</Filter>
    </ClInclude>
    <ClInclude Include="libraries\glm\gtx\extented_min_max.hpp">
      <Filter>Header Files</Filter>
    </ClInclude>
    <ClInclude Include="libraries\glm\gtx\fast_exponential.hpp">
      <Filter>Header Files</Filter>
    </ClInclude>
    <ClInclude Include="libraries\glm\gtx\fast_square_root.hpp">
      <Filter>Header Files</Filter>
    </ClInclude>
    <ClInclude Include="libraries\glm\gtx\fast_trigonometry.hpp">
      <Filter>Header Files</Filter>
    </ClInclude>
    <ClInclude Include="libraries\glm\gtx\gradient_paint.hpp">
      <Filter>Header Files</Filter>
    </ClInclude>
    <ClInclude Include="libraries\glm\gtx\handed_coordinate_space.hpp">
      <Filter>Header Files</Filter>
    </ClInclude>
    <ClInclude Include="libraries\glm\gtx\inertia.hpp">
      <Filter>Header Files</Filter>
    </ClInclude>
    <ClInclude Include="libraries\glm\gtx\int_10_10_10_2.hpp">
      <Filter>Header Files</Filter>
    </ClInclude>
    <ClInclude Include="libraries\glm\gtx\integer.hpp">
      <Filter>Header Files</Filter>
    </ClInclude>
    <ClInclude Include="libraries\glm\gtx\intersect.hpp">
      <Filter>Header Files</Filter>
    </ClInclude>
    <ClInclude Include="libraries\glm\gtx\io.hpp">
      <Filter>Header Files</Filter>
    </ClInclude>
    <ClInclude Include="libraries\glm\gtx\log_base.hpp">
      <Filter>Header Files</Filter>
    </ClInclude>
    <ClInclude Include="libraries\glm\gtx\matrix_cross_product.hpp">
      <Filter>Header Files</Filter>
    </ClInclude>
    <ClInclude Include="libraries\glm\gtx\matrix_interpolation.hpp">
      <Filter>Header Files</Filter>
    </ClInclude>
    <ClInclude Include="libraries\glm\gtx\matrix_major_storage.hpp">
      <Filter>Header Files</Filter>
    </ClInclude>
    <ClInclude Include="libraries\glm\gtx\matrix_operation.hpp">
      <Filter>Header Files</Filter>
    </ClInclude>
    <ClInclude Include="libraries\glm\gtx\matrix_query.hpp">
      <Filter>Header Files</Filter>
    </ClInclude>
    <ClInclude Include="libraries\glm\gtx\matrix_transform_2d.hpp">
      <Filter>Header Files</Filter>
    </ClInclude>
    <ClInclude Include="libraries\glm\gtx\mixed_product.hpp">
      <Filter>Header Files</Filter>
    </ClInclude>
    <ClInclude Include="libraries\glm\gtx\multiple.hpp">
      <Filter>Header Files</Filter>
    </ClInclude>
    <ClInclude Include="libraries\glm\gtx\noise.hpp">
      <Filter>Header Files</Filter>
    </ClInclude>
    <ClInclude Include="libraries\glm\gtx\norm.hpp">
      <Filter>Header Files</Filter>
    </ClInclude>
    <ClInclude Include="libraries\glm\gtx\normal.hpp">
      <Filter>Header Files</Filter>
    </ClInclude>
    <ClInclude Include="libraries\glm\gtx\normalize_dot.hpp">
      <Filter>Header Files</Filter>
    </ClInclude>
    <ClInclude Include="libraries\glm\gtx\number_precision.hpp">
      <Filter>Header Files</Filter>
    </ClInclude>
    <ClInclude Include="libraries\glm\gtx\optimum_pow.hpp">
      <Filter>Header Files</Filter>
    </ClInclude>
    <ClInclude Include="libraries\glm\gtx\orthonormalize.hpp">
      <Filter>Header Files</Filter>
    </ClInclude>
    <ClInclude Include="libraries\glm\gtx\perpendicular.hpp">
      <Filter>Header Files</Filter>
    </ClInclude>
    <ClInclude Include="libraries\glm\gtx\polar_coordinates.hpp">
      <Filter>Header Files</Filter>
    </ClInclude>
    <ClInclude Include="libraries\glm\gtx\projection.hpp">
      <Filter>Header Files</Filter>
    </ClInclude>
    <ClInclude Include="libraries\glm\gtx\quaternion.hpp">
      <Filter>Header Files</Filter>
    </ClInclude>
    <ClInclude Include="libraries\glm\gtx\random.hpp">
      <Filter>Header Files</Filter>
    </ClInclude>
    <ClInclude Include="libraries\glm\gtx\raw_data.hpp">
      <Filter>Header Files</Filter>
    </ClInclude>
    <ClInclude Include="libraries\glm\gtx\reciprocal.hpp">
      <Filter>Header Files</Filter>
    </ClInclude>
    <ClInclude Include="libraries\glm\gtx\rotate_normalized_axis.hpp">
      <Filter>Header Files</Filter>
    </ClInclude>
    <ClInclude Include="libraries\glm\gtx\rotate_vector.hpp">
      <Filter>Header Files</Filter>
    </ClInclude>
    <ClInclude Include="libraries\glm\gtx\scalar_relational.hpp">
      <Filter>Header Files</Filter>
    </ClInclude>
    <ClInclude Include="libraries\glm\gtx\simd_mat4.hpp">
      <Filter>Header Files</Filter>
    </ClInclude>
    <ClInclude Include="libraries\glm\gtx\simd_quat.hpp">
      <Filter>Header Files</Filter>
    </ClInclude>
    <ClInclude Include="libraries\glm\gtx\simd_vec4.hpp">
      <Filter>Header Files</Filter>
    </ClInclude>
    <ClInclude Include="libraries\glm\gtx\spline.hpp">
      <Filter>Header Files</Filter>
    </ClInclude>
    <ClInclude Include="libraries\glm\gtx\std_based_type.hpp">
      <Filter>Header Files</Filter>
    </ClInclude>
    <ClInclude Include="libraries\glm\gtx\string_cast.hpp">
      <Filter>Header Files</Filter>
    </ClInclude>
    <ClInclude Include="libraries\glm\gtx\transform.hpp">
      <Filter>Header Files</Filter>
    </ClInclude>
    <ClInclude Include="libraries\glm\gtx\transform2.hpp">
      <Filter>Header Files</Filter>
    </ClInclude>
    <ClInclude Include="libraries\glm\gtx\ulp.hpp">
      <Filter>Header Files</Filter>
    </ClInclude>
    <ClInclude Include="libraries\glm\gtx\unsigned_int.hpp">
      <Filter>Header Files</Filter>
    </ClInclude>
    <ClInclude Include="libraries\glm\gtx\vec1.hpp">
      <Filter>Header Files</Filter>
    </ClInclude>
    <ClInclude Include="libraries\glm\gtx\vector_angle.hpp">
      <Filter>Header Files</Filter>
    </ClInclude>
    <ClInclude Include="libraries\glm\gtx\vector_query.hpp">
      <Filter>Header Files</Filter>
    </ClInclude>
    <ClInclude Include="libraries\glm\gtx\wrap.hpp">
      <Filter>Header Files</Filter>
    </ClInclude>
    <ClInclude Include="libraries\glm\virtrev\xstream.hpp">
      <Filter>Header Files</Filter>
    </ClInclude>
    <ClInclude Include="libraries\glm\common.hpp">
      <Filter>Header Files</Filter>
    </ClInclude>
    <ClInclude Include="libraries\glm\exponential.hpp">
      <Filter>Header Files</Filter>
    </ClInclude>
    <ClInclude Include="libraries\glm\ext.hpp">
      <Filter>Header Files</Filter>
    </ClInclude>
    <ClInclude Include="libraries\glm\fwd.hpp">
      <Filter>Header Files</Filter>
    </ClInclude>
    <ClInclude Include="libraries\glm\geometric.hpp">
      <Filter>Header Files</Filter>
    </ClInclude>
    <ClInclude Include="libraries\glm\glm.hpp">
      <Filter>Header Files</Filter>
    </ClInclude>
    <ClInclude Include="libraries\glm\integer.hpp">
      <Filter>Header Files</Filter>
    </ClInclude>
    <ClInclude Include="libraries\glm\mat2x2.hpp">
      <Filter>Header Files</Filter>
    </ClInclude>
    <ClInclude Include="libraries\glm\mat2x3.hpp">
      <Filter>Header Files</Filter>
    </ClInclude>
    <ClInclude Include="libraries\glm\mat2x4.hpp">
      <Filter>Header Files</Filter>
    </ClInclude>
    <ClInclude Include="libraries\glm\mat3x2.hpp">
      <Filter>Header Files</Filter>
    </ClInclude>
    <ClInclude Include="libraries\glm\mat3x3.hpp">
      <Filter>Header Files</Filter>
    </ClInclude>
    <ClInclude Include="libraries\glm\mat3x4.hpp">
      <Filter>Header Files</Filter>
    </ClInclude>
    <ClInclude Include="libraries\glm\mat4x2.hpp">
      <Filter>Header Files</Filter>
    </ClInclude>
    <ClInclude Include="libraries\glm\mat4x3.hpp">
      <Filter>Header Files</Filter>
    </ClInclude>
    <ClInclude Include="libraries\glm\mat4x4.hpp">
      <Filter>Header Files</Filter>
    </ClInclude>
    <ClInclude Include="libraries\glm\matrix.hpp">
      <Filter>Header Files</Filter>
    </ClInclude>
    <ClInclude Include="libraries\glm\packing.hpp">
      <Filter>Header Files</Filter>
    </ClInclude>
    <ClInclude Include="libraries\glm\trigonometric.hpp">
      <Filter>Header Files</Filter>
    </ClInclude>
    <ClInclude Include="libraries\glm\vec2.hpp">
      <Filter>Header Files</Filter>
    </ClInclude>
    <ClInclude Include="libraries\glm\vec3.hpp">
      <Filter>Header Files</Filter>
    </ClInclude>
    <ClInclude Include="libraries\glm\vec4.hpp">
      <Filter>Header Files</Filter>
    </ClInclude>
    <ClInclude Include="libraries\glm\vector_relational.hpp">
      <Filter>Header Files</Filter>
    </ClInclude>
    <ClInclude Include="libraries\opengl\defines.h">
      <Filter>Header Files</Filter>
    </ClInclude>
    <ClInclude Include="libraries\opengl\functions.h">
      <Filter>Header Files</Filter>
    </ClInclude>
    <ClInclude Include="libraries\opengl\opengl.h">
      <Filter>Header Files</Filter>
    </ClInclude>
    <ClInclude Include="libraries\opengl\typedefs.h">
      <Filter>Header Files</Filter>
    </ClInclude>
    <ClInclude Include="libraries\sdl2\include\begin_code.h">
      <Filter>Header Files</Filter>
    </ClInclude>
    <ClInclude Include="libraries\sdl2\include\close_code.h">
      <Filter>Header Files</Filter>
    </ClInclude>
    <ClInclude Include="libraries\sdl2\include\SDL.h">
      <Filter>Header Files</Filter>
    </ClInclude>
    <ClInclude Include="libraries\sdl2\include\SDL_assert.h">
      <Filter>Header Files</Filter>
    </ClInclude>
    <ClInclude Include="libraries\sdl2\include\SDL_atomic.h">
      <Filter>Header Files</Filter>
    </ClInclude>
    <ClInclude Include="libraries\sdl2\include\SDL_audio.h">
      <Filter>Header Files</Filter>
    </ClInclude>
    <ClInclude Include="libraries\sdl2\include\SDL_bits.h">
      <Filter>Header Files</Filter>
    </ClInclude>
    <ClInclude Include="libraries\sdl2\include\SDL_blendmode.h">
      <Filter>Header Files</Filter>
    </ClInclude>
    <ClInclude Include="libraries\sdl2\include\SDL_clipboard.h">
      <Filter>Header Files</Filter>
    </ClInclude>
    <ClInclude Include="libraries\sdl2\include\SDL_config.h">
      <Filter>Header Files</Filter>
    </ClInclude>
    <ClInclude Include="libraries\sdl2\include\SDL_cpuinfo.h">
      <Filter>Header Files</Filter>
    </ClInclude>
    <ClInclude Include="libraries\sdl2\include\SDL_endian.h">
      <Filter>Header Files</Filter>
    </ClInclude>
    <ClInclude Include="libraries\sdl2\include\SDL_error.h">
      <Filter>Header Files</Filter>
    </ClInclude>
    <ClInclude Include="libraries\sdl2\include\SDL_events.h">
      <Filter>Header Files</Filter>
    </ClInclude>
    <ClInclude Include="libraries\sdl2\include\SDL_filesystem.h">
      <Filter>Header Files</Filter>
    </ClInclude>
    <ClInclude Include="libraries\sdl2\include\SDL_gamecontroller.h">
      <Filter>Header Files</Filter>
    </ClInclude>
    <ClInclude Include="libraries\sdl2\include\SDL_gesture.h">
      <Filter>Header Files</Filter>
    </ClInclude>
    <ClInclude Include="libraries\sdl2\include\SDL_haptic.h">
      <Filter>Header Files</Filter>
    </ClInclude>
    <ClInclude Include="libraries\sdl2\include\SDL_hints.h">
      <Filter>Header Files</Filter>
    </ClInclude>
    <ClInclude Include="libraries\sdl2\include\SDL_joystick.h">
      <Filter>Header Files</Filter>
    </ClInclude>
    <ClInclude Include="libraries\sdl2\include\SDL_keyboard.h">
      <Filter>Header Files</Filter>
    </ClInclude>
    <ClInclude Include="libraries\sdl2\include\SDL_keycode.h">
      <Filter>Header Files</Filter>
    </ClInclude>
    <ClInclude Include="libraries\sdl2\include\SDL_loadso.h">
      <Filter>Header Files</Filter>
    </ClInclude>
    <ClInclude Include="libraries\sdl2\include\SDL_log.h">
      <Filter>Header Files</Filter>
    </ClInclude>
    <ClInclude Include="libraries\sdl2\include\SDL_main.h">
      <Filter>Header Files</Filter>
    </ClInclude>
    <ClInclude Include="libraries\sdl2\include\SDL_messagebox.h">
      <Filter>Header Files</Filter>
    </ClInclude>
    <ClInclude Include="libraries\sdl2\include\SDL_mouse.h">
      <Filter>Header Files</Filter>
    </ClInclude>
    <ClInclude Include="libraries\sdl2\include\SDL_mutex.h">
      <Filter>Header Files</Filter>
    </ClInclude>
    <ClInclude Include="libraries\sdl2\include\SDL_name.h">
      <Filter>Header Files</Filter>
    </ClInclude>
    <ClInclude Include="libraries\sdl2\include\SDL_opengl.h">
      <Filter>Header Files</Filter>
    </ClInclude>
    <ClInclude Include="libraries\sdl2\include\SDL_opengles.h">
      <Filter>Header Files</Filter>
    </ClInclude>
    <ClInclude Include="libraries\sdl2\include\SDL_opengles2.h">
      <Filter>Header Files</Filter>
    </ClInclude>
    <ClInclude Include="libraries\sdl2\include\SDL_pixels.h">
      <Filter>Header Files</Filter>
    </ClInclude>
    <ClInclude Include="libraries\sdl2\include\SDL_platform.h">
      <Filter>Header Files</Filter>
    </ClInclude>
    <ClInclude Include="libraries\sdl2\include\SDL_power.h">
      <Filter>Header Files</Filter>
    </ClInclude>
    <ClInclude Include="libraries\sdl2\include\SDL_quit.h">
      <Filter>Header Files</Filter>
    </ClInclude>
    <ClInclude Include="libraries\sdl2\include\SDL_rect.h">
      <Filter>Header Files</Filter>
    </ClInclude>
    <ClInclude Include="libraries\sdl2\include\SDL_render.h">
      <Filter>Header Files</Filter>
    </ClInclude>
    <ClInclude Include="libraries\sdl2\include\SDL_revision.h">
      <Filter>Header Files</Filter>
    </ClInclude>
    <ClInclude Include="libraries\sdl2\include\SDL_rwops.h">
      <Filter>Header Files</Filter>
    </ClInclude>
    <ClInclude Include="libraries\sdl2\include\SDL_scancode.h">
      <Filter>Header Files</Filter>
    </ClInclude>
    <ClInclude Include="libraries\sdl2\include\SDL_shape.h">
      <Filter>Header Files</Filter>
    </ClInclude>
    <ClInclude Include="libraries\sdl2\include\SDL_stdinc.h">
      <Filter>Header Files</Filter>
    </ClInclude>
    <ClInclude Include="libraries\sdl2\include\SDL_surface.h">
      <Filter>Header Files</Filter>
    </ClInclude>
    <ClInclude Include="libraries\sdl2\include\SDL_system.h">
      <Filter>Header Files</Filter>
    </ClInclude>
    <ClInclude Include="libraries\sdl2\include\SDL_syswm.h">
      <Filter>Header Files</Filter>
    </ClInclude>
    <ClInclude Include="libraries\sdl2\include\SDL_test.h">
      <Filter>Header Files</Filter>
    </ClInclude>
    <ClInclude Include="libraries\sdl2\include\SDL_test_assert.h">
      <Filter>Header Files</Filter>
    </ClInclude>
    <ClInclude Include="libraries\sdl2\include\SDL_test_common.h">
      <Filter>Header Files</Filter>
    </ClInclude>
    <ClInclude Include="libraries\sdl2\include\SDL_test_compare.h">
      <Filter>Header Files</Filter>
    </ClInclude>
    <ClInclude Include="libraries\sdl2\include\SDL_test_crc32.h">
      <Filter>Header Files</Filter>
    </ClInclude>
    <ClInclude Include="libraries\sdl2\include\SDL_test_font.h">
      <Filter>Header Files</Filter>
    </ClInclude>
    <ClInclude Include="libraries\sdl2\include\SDL_test_fuzzer.h">
      <Filter>Header Files</Filter>
    </ClInclude>
    <ClInclude Include="libraries\sdl2\include\SDL_test_harness.h">
      <Filter>Header Files</Filter>
    </ClInclude>
    <ClInclude Include="libraries\sdl2\include\SDL_test_images.h">
      <Filter>Header Files</Filter>
    </ClInclude>
    <ClInclude Include="libraries\sdl2\include\SDL_test_log.h">
      <Filter>Header Files</Filter>
    </ClInclude>
    <ClInclude Include="libraries\sdl2\include\SDL_test_md5.h">
      <Filter>Header Files</Filter>
    </ClInclude>
    <ClInclude Include="libraries\sdl2\include\SDL_test_random.h">
      <Filter>Header Files</Filter>
    </ClInclude>
    <ClInclude Include="libraries\sdl2\include\SDL_thread.h">
      <Filter>Header Files</Filter>
    </ClInclude>
    <ClInclude Include="libraries\sdl2\include\SDL_timer.h">
      <Filter>Header Files</Filter>
    </ClInclude>
    <ClInclude Include="libraries\sdl2\include\SDL_touch.h">
      <Filter>Header Files</Filter>
    </ClInclude>
    <ClInclude Include="libraries\sdl2\include\SDL_types.h">
      <Filter>Header Files</Filter>
    </ClInclude>
    <ClInclude Include="libraries\sdl2\include\SDL_version.h">
      <Filter>Header Files</Filter>
    </ClInclude>
    <ClInclude Include="libraries\sdl2\include\SDL_video.h">
      <Filter>Header Files</Filter>
    </ClInclude>
    <ClInclude Include="libraries\libdevil.h">
      <Filter>Header Files</Filter>
    </ClInclude>
    <ClInclude Include="libraries\libglm.h">
      <Filter>Header Files</Filter>
    </ClInclude>
    <ClInclude Include="libraries\libopengl.h">
      <Filter>Header Files</Filter>
    </ClInclude>
    <ClInclude Include="libraries\libsdl.h">
      <Filter>Header Files</Filter>
    </ClInclude>
    <ClInclude Include="Application.h">
      <Filter>Header Files</Filter>
    </ClInclude>
    <ClInclude Include="libraries\liblua.h">
      <Filter>Header Files</Filter>
    </ClInclude>
    <ClInclude Include="libraries\lua-5.2.3\src\lapi.h">
      <Filter>Header Files</Filter>
    </ClInclude>
    <ClInclude Include="libraries\lua-5.2.3\src\lauxlib.h">
      <Filter>Header Files</Filter>
    </ClInclude>
    <ClInclude Include="libraries\lua-5.2.3\src\lcode.h">
      <Filter>Header Files</Filter>
    </ClInclude>
    <ClInclude Include="libraries\lua-5.2.3\src\lctype.h">
      <Filter>Header Files</Filter>
    </ClInclude>
    <ClInclude Include="libraries\lua-5.2.3\src\ldebug.h">
      <Filter>Header Files</Filter>
    </ClInclude>
    <ClInclude Include="libraries\lua-5.2.3\src\ldo.h">
      <Filter>Header Files</Filter>
    </ClInclude>
    <ClInclude Include="libraries\lua-5.2.3\src\lfunc.h">
      <Filter>Header Files</Filter>
    </ClInclude>
    <ClInclude Include="libraries\lua-5.2.3\src\lgc.h">
      <Filter>Header Files</Filter>
    </ClInclude>
    <ClInclude Include="libraries\lua-5.2.3\src\llex.h">
      <Filter>Header Files</Filter>
    </ClInclude>
    <ClInclude Include="libraries\lua-5.2.3\src\llimits.h">
      <Filter>Header Files</Filter>
    </ClInclude>
    <ClInclude Include="libraries\lua-5.2.3\src\lmem.h">
      <Filter>Header Files</Filter>
    </ClInclude>
    <ClInclude Include="libraries\lua-5.2.3\src\lobject.h">
      <Filter>Header Files</Filter>
    </ClInclude>
    <ClInclude Include="libraries\lua-5.2.3\src\lopcodes.h">
      <Filter>Header Files</Filter>
    </ClInclude>
    <ClInclude Include="libraries\lua-5.2.3\src\lparser.h">
      <Filter>Header Files</Filter>
    </ClInclude>
    <ClInclude Include="libraries\lua-5.2.3\src\lstate.h">
      <Filter>Header Files</Filter>
    </ClInclude>
    <ClInclude Include="libraries\lua-5.2.3\src\lstring.h">
      <Filter>Header Files</Filter>
    </ClInclude>
    <ClInclude Include="libraries\lua-5.2.3\src\ltable.h">
      <Filter>Header Files</Filter>
    </ClInclude>
    <ClInclude Include="libraries\lua-5.2.3\src\ltm.h">
      <Filter>Header Files</Filter>
    </ClInclude>
    <ClInclude Include="libraries\lua-5.2.3\src\lua.h">
      <Filter>Header Files</Filter>
    </ClInclude>
    <ClInclude Include="libraries\lua-5.2.3\src\lua.hpp">
      <Filter>Header Files</Filter>
    </ClInclude>
    <ClInclude Include="libraries\lua-5.2.3\src\luaconf.h">
      <Filter>Header Files</Filter>
    </ClInclude>
    <ClInclude Include="libraries\lua-5.2.3\src\lualib.h">
      <Filter>Header Files</Filter>
    </ClInclude>
    <ClInclude Include="libraries\lua-5.2.3\src\lundump.h">
      <Filter>Header Files</Filter>
    </ClInclude>
    <ClInclude Include="libraries\lua-5.2.3\src\lvm.h">
      <Filter>Header Files</Filter>
    </ClInclude>
    <ClInclude Include="libraries\lua-5.2.3\src\lzio.h">
      <Filter>Header Files</Filter>
    </ClInclude>
    <ClInclude Include="libraries\libmodplug.h">
      <Filter>Header Files</Filter>
    </ClInclude>
    <ClInclude Include="graphics\Graphics.h">
      <Filter>Header Files</Filter>
    </ClInclude>
    <ClInclude Include="graphics\Color.h">
      <Filter>Header Files</Filter>
    </ClInclude>
    <ClInclude Include="graphics\Viewport.h">
      <Filter>Header Files</Filter>
    </ClInclude>
    <ClInclude Include="graphics\GraphicsState.h">
      <Filter>Header Files</Filter>
    </ClInclude>
    <ClInclude Include="jade\Control.h">
      <Filter>Header Files</Filter>
    </ClInclude>
    <ClInclude Include="font\Rasterizer.h">
      <Filter>Header Files</Filter>
    </ClInclude>
    <ClInclude Include="types.h">
      <Filter>Header Files</Filter>
    </ClInclude>
    <ClInclude Include="font\Glyph.h">
      <Filter>Header Files</Filter>
    </ClInclude>
    <ClInclude Include="font\Font.h">
      <Filter>Header Files</Filter>
    </ClInclude>
    <ClInclude Include="font\NullRasterizer.h">
      <Filter>Header Files</Filter>
    </ClInclude>
    <ClInclude Include="jade\Panel.h">
      <Filter>Header Files</Filter>
    </ClInclude>
    <ClInclude Include="runtime\Property.h">
      <Filter>Header Files</Filter>
    </ClInclude>
    <ClInclude Include="attributes.h">
      <Filter>Header Files</Filter>
    </ClInclude>
    <ClInclude Include="runtime\Object.h">
      <Filter>Header Files</Filter>
    </ClInclude>
    <ClInclude Include="runtime\Type.h">
      <Filter>Header Files</Filter>
    </ClInclude>
    <ClInclude Include="jade\Thickness.h">
      <Filter>Header Files</Filter>
    </ClInclude>
    <ClInclude Include="jade\JadeElement.h">
      <Filter>Header Files</Filter>
    </ClInclude>
    <ClInclude Include="jade\Window.h">
      <Filter>Header Files</Filter>
    </ClInclude>
    <ClInclude Include="jade\JadeHead.h">
      <Filter>Header Files</Filter>
    </ClInclude>
  </ItemGroup>
  <ItemGroup>
    <None Include="libraries\glm\detail\func_common.inl">
      <Filter>Header Files</Filter>
    </None>
    <None Include="libraries\glm\detail\func_exponential.inl">
      <Filter>Header Files</Filter>
    </None>
    <None Include="libraries\glm\detail\func_geometric.inl">
      <Filter>Header Files</Filter>
    </None>
    <None Include="libraries\glm\detail\func_integer.inl">
      <Filter>Header Files</Filter>
    </None>
    <None Include="libraries\glm\detail\func_matrix.inl">
      <Filter>Header Files</Filter>
    </None>
    <None Include="libraries\glm\detail\func_noise.inl">
      <Filter>Header Files</Filter>
    </None>
    <None Include="libraries\glm\detail\func_packing.inl">
      <Filter>Header Files</Filter>
    </None>
    <None Include="libraries\glm\detail\func_trigonometric.inl">
      <Filter>Header Files</Filter>
    </None>
    <None Include="libraries\glm\detail\func_vector_relational.inl">
      <Filter>Header Files</Filter>
    </None>
    <None Include="libraries\glm\detail\intrinsic_common.inl">
      <Filter>Header Files</Filter>
    </None>
    <None Include="libraries\glm\detail\intrinsic_exponential.inl">
      <Filter>Header Files</Filter>
    </None>
    <None Include="libraries\glm\detail\intrinsic_geometric.inl">
      <Filter>Header Files</Filter>
    </None>
    <None Include="libraries\glm\detail\intrinsic_integer.inl">
      <Filter>Header Files</Filter>
    </None>
    <None Include="libraries\glm\detail\intrinsic_matrix.inl">
      <Filter>Header Files</Filter>
    </None>
    <None Include="libraries\glm\detail\intrinsic_trigonometric.inl">
      <Filter>Header Files</Filter>
    </None>
    <None Include="libraries\glm\detail\intrinsic_vector_relational.inl">
      <Filter>Header Files</Filter>
    </None>
    <None Include="libraries\glm\detail\precision.inl">
      <Filter>Header Files</Filter>
    </None>
    <None Include="libraries\glm\detail\type_gentype.inl">
      <Filter>Header Files</Filter>
    </None>
    <None Include="libraries\glm\detail\type_half.inl">
      <Filter>Header Files</Filter>
    </None>
    <None Include="libraries\glm\detail\type_mat.inl">
      <Filter>Header Files</Filter>
    </None>
    <None Include="libraries\glm\detail\type_mat2x2.inl">
      <Filter>Header Files</Filter>
    </None>
    <None Include="libraries\glm\detail\type_mat2x3.inl">
      <Filter>Header Files</Filter>
    </None>
    <None Include="libraries\glm\detail\type_mat2x4.inl">
      <Filter>Header Files</Filter>
    </None>
    <None Include="libraries\glm\detail\type_mat3x2.inl">
      <Filter>Header Files</Filter>
    </None>
    <None Include="libraries\glm\detail\type_mat3x3.inl">
      <Filter>Header Files</Filter>
    </None>
    <None Include="libraries\glm\detail\type_mat3x4.inl">
      <Filter>Header Files</Filter>
    </None>
    <None Include="libraries\glm\detail\type_mat4x2.inl">
      <Filter>Header Files</Filter>
    </None>
    <None Include="libraries\glm\detail\type_mat4x3.inl">
      <Filter>Header Files</Filter>
    </None>
    <None Include="libraries\glm\detail\type_mat4x4.inl">
      <Filter>Header Files</Filter>
    </None>
    <None Include="libraries\glm\detail\type_vec.inl">
      <Filter>Header Files</Filter>
    </None>
    <None Include="libraries\glm\detail\type_vec1.inl">
      <Filter>Header Files</Filter>
    </None>
    <None Include="libraries\glm\detail\type_vec2.inl">
      <Filter>Header Files</Filter>
    </None>
    <None Include="libraries\glm\detail\type_vec3.inl">
      <Filter>Header Files</Filter>
    </None>
    <None Include="libraries\glm\detail\type_vec4.inl">
      <Filter>Header Files</Filter>
    </None>
    <None Include="libraries\glm\gtc\constants.inl">
      <Filter>Header Files</Filter>
    </None>
    <None Include="libraries\glm\gtc\epsilon.inl">
      <Filter>Header Files</Filter>
    </None>
    <None Include="libraries\glm\gtc\matrix_access.inl">
      <Filter>Header Files</Filter>
    </None>
    <None Include="libraries\glm\gtc\matrix_inverse.inl">
      <Filter>Header Files</Filter>
    </None>
    <None Include="libraries\glm\gtc\matrix_transform.inl">
      <Filter>Header Files</Filter>
    </None>
    <None Include="libraries\glm\gtc\noise.inl">
      <Filter>Header Files</Filter>
    </None>
    <None Include="libraries\glm\gtc\packing.inl">
      <Filter>Header Files</Filter>
    </None>
    <None Include="libraries\glm\gtc\quaternion.inl">
      <Filter>Header Files</Filter>
    </None>
    <None Include="libraries\glm\gtc\random.inl">
      <Filter>Header Files</Filter>
    </None>
    <None Include="libraries\glm\gtc\reciprocal.inl">
      <Filter>Header Files</Filter>
    </None>
    <None Include="libraries\glm\gtc\type_precision.inl">
      <Filter>Header Files</Filter>
    </None>
    <None Include="libraries\glm\gtc\type_ptr.inl">
      <Filter>Header Files</Filter>
    </None>
    <None Include="libraries\glm\gtc\ulp.inl">
      <Filter>Header Files</Filter>
    </None>
    <None Include="libraries\glm\gtx\associated_min_max.inl">
      <Filter>Header Files</Filter>
    </None>
    <None Include="libraries\glm\gtx\bit.inl">
      <Filter>Header Files</Filter>
    </None>
    <None Include="libraries\glm\gtx\closest_point.inl">
      <Filter>Header Files</Filter>
    </None>
    <None Include="libraries\glm\gtx\color_space.inl">
      <Filter>Header Files</Filter>
    </None>
    <None Include="libraries\glm\gtx\color_space_YCoCg.inl">
      <Filter>Header Files</Filter>
    </None>
    <None Include="libraries\glm\gtx\compatibility.inl">
      <Filter>Header Files</Filter>
    </None>
    <None Include="libraries\glm\gtx\component_wise.inl">
      <Filter>Header Files</Filter>
    </None>
    <None Include="libraries\glm\gtx\dual_quaternion.inl">
      <Filter>Header Files</Filter>
    </None>
    <None Include="libraries\glm\gtx\euler_angles.inl">
      <Filter>Header Files</Filter>
    </None>
    <None Include="libraries\glm\gtx\extend.inl">
      <Filter>Header Files</Filter>
    </None>
    <None Include="libraries\glm\gtx\extented_min_max.inl">
      <Filter>Header Files</Filter>
    </None>
    <None Include="libraries\glm\gtx\fast_exponential.inl">
      <Filter>Header Files</Filter>
    </None>
    <None Include="libraries\glm\gtx\fast_square_root.inl">
      <Filter>Header Files</Filter>
    </None>
    <None Include="libraries\glm\gtx\fast_trigonometry.inl">
      <Filter>Header Files</Filter>
    </None>
    <None Include="libraries\glm\gtx\gradient_paint.inl">
      <Filter>Header Files</Filter>
    </None>
    <None Include="libraries\glm\gtx\handed_coordinate_space.inl">
      <Filter>Header Files</Filter>
    </None>
    <None Include="libraries\glm\gtx\inertia.inl">
      <Filter>Header Files</Filter>
    </None>
    <None Include="libraries\glm\gtx\int_10_10_10_2.inl">
      <Filter>Header Files</Filter>
    </None>
    <None Include="libraries\glm\gtx\integer.inl">
      <Filter>Header Files</Filter>
    </None>
    <None Include="libraries\glm\gtx\intersect.inl">
      <Filter>Header Files</Filter>
    </None>
    <None Include="libraries\glm\gtx\io.inl">
      <Filter>Header Files</Filter>
    </None>
    <None Include="libraries\glm\gtx\log_base.inl">
      <Filter>Header Files</Filter>
    </None>
    <None Include="libraries\glm\gtx\matrix_cross_product.inl">
      <Filter>Header Files</Filter>
    </None>
    <None Include="libraries\glm\gtx\matrix_interpolation.inl">
      <Filter>Header Files</Filter>
    </None>
    <None Include="libraries\glm\gtx\matrix_major_storage.inl">
      <Filter>Header Files</Filter>
    </None>
    <None Include="libraries\glm\gtx\matrix_operation.inl">
      <Filter>Header Files</Filter>
    </None>
    <None Include="libraries\glm\gtx\matrix_query.inl">
      <Filter>Header Files</Filter>
    </None>
    <None Include="libraries\glm\gtx\matrix_transform_2d.inl">
      <Filter>Header Files</Filter>
    </None>
    <None Include="libraries\glm\gtx\mixed_product.inl">
      <Filter>Header Files</Filter>
    </None>
    <None Include="libraries\glm\gtx\multiple.inl">
      <Filter>Header Files</Filter>
    </None>
    <None Include="libraries\glm\gtx\norm.inl">
      <Filter>Header Files</Filter>
    </None>
    <None Include="libraries\glm\gtx\normal.inl">
      <Filter>Header Files</Filter>
    </None>
    <None Include="libraries\glm\gtx\normalize_dot.inl">
      <Filter>Header Files</Filter>
    </None>
    <None Include="libraries\glm\gtx\number_precision.inl">
      <Filter>Header Files</Filter>
    </None>
    <None Include="libraries\glm\gtx\optimum_pow.inl">
      <Filter>Header Files</Filter>
    </None>
    <None Include="libraries\glm\gtx\orthonormalize.inl">
      <Filter>Header Files</Filter>
    </None>
    <None Include="libraries\glm\gtx\perpendicular.inl">
      <Filter>Header Files</Filter>
    </None>
    <None Include="libraries\glm\gtx\polar_coordinates.inl">
      <Filter>Header Files</Filter>
    </None>
    <None Include="libraries\glm\gtx\projection.inl">
      <Filter>Header Files</Filter>
    </None>
    <None Include="libraries\glm\gtx\quaternion.inl">
      <Filter>Header Files</Filter>
    </None>
    <None Include="libraries\glm\gtx\raw_data.inl">
      <Filter>Header Files</Filter>
    </None>
    <None Include="libraries\glm\gtx\rotate_normalized_axis.inl">
      <Filter>Header Files</Filter>
    </None>
    <None Include="libraries\glm\gtx\rotate_vector.inl">
      <Filter>Header Files</Filter>
    </None>
    <None Include="libraries\glm\gtx\scalar_relational.inl">
      <Filter>Header Files</Filter>
    </None>
    <None Include="libraries\glm\gtx\simd_mat4.inl">
      <Filter>Header Files</Filter>
    </None>
    <None Include="libraries\glm\gtx\simd_quat.inl">
      <Filter>Header Files</Filter>
    </None>
    <None Include="libraries\glm\gtx\simd_vec4.inl">
      <Filter>Header Files</Filter>
    </None>
    <None Include="libraries\glm\gtx\spline.inl">
      <Filter>Header Files</Filter>
    </None>
    <None Include="libraries\glm\gtx\std_based_type.inl">
      <Filter>Header Files</Filter>
    </None>
    <None Include="libraries\glm\gtx\string_cast.inl">
      <Filter>Header Files</Filter>
    </None>
    <None Include="libraries\glm\gtx\transform.inl">
      <Filter>Header Files</Filter>
    </None>
    <None Include="libraries\glm\gtx\transform2.inl">
      <Filter>Header Files</Filter>
    </None>
    <None Include="libraries\glm\gtx\unsigned_int.inl">
      <Filter>Header Files</Filter>
    </None>
    <None Include="libraries\glm\gtx\vec1.inl">
      <Filter>Header Files</Filter>
    </None>
    <None Include="libraries\glm\gtx\vector_angle.inl">
      <Filter>Header Files</Filter>
    </None>
    <None Include="libraries\glm\gtx\vector_query.inl">
      <Filter>Header Files</Filter>
    </None>
    <None Include="libraries\glm\gtx\wrap.inl">
      <Filter>Header Files</Filter>
    </None>
    <None Include="libraries\lua-5.2.3\doc\contents.html" />
    <None Include="libraries\lua-5.2.3\doc\manual.html" />
    <None Include="libraries\lua-5.2.3\doc\readme.html" />
  </ItemGroup>
</Project>